
Microsoft Visual Studio Solution File, Format Version 12.00
# Visual Studio Version 17
VisualStudioVersion = 17.3.32804.467
MinimumVisualStudioVersion = 10.0.40219.1
Project("{FAE04EC0-301F-11D3-BF4B-00C04F79EFBC}") = "Polymorph", "Polymorph\Polymorph.csproj", "{A2F7C347-D2A6-4CBF-BC82-FE2D3D698DEB}"
EndProject
Global
	GlobalSection(SolutionConfigurationPlatforms) = preSolution
		Debug|Any CPU = Debug|Any CPU
		Release|Any CPU = Release|Any CPU
	EndGlobalSection
	GlobalSection(ProjectConfigurationPlatforms) = postSolution
		{A2F7C347-D2A6-4CBF-BC82-FE2D3D698DEB}.Debug|Any CPU.ActiveCfg = Debug|Any CPU
		{A2F7C347-D2A6-4CBF-BC82-FE2D3D698DEB}.Debug|Any CPU.Build.0 = Debug|Any CPU
		{A2F7C347-D2A6-4CBF-BC82-FE2D3D698DEB}.Release|Any CPU.ActiveCfg = Release|Any CPU
		{A2F7C347-D2A6-4CBF-BC82-FE2D3D698DEB}.Release|Any CPU.Build.0 = Release|Any CPU
	EndGlobalSection
	GlobalSection(SolutionProperties) = preSolution
		HideSolutionNode = FALSE
	EndGlobalSection
	GlobalSection(ExtensibilityGlobals) = postSolution
		SolutionGuid = {B78E13DC-7217-40CC-8CD7-8D621D8D20AA}
	EndGlobalSection
EndGlobal
